// !$*UTF8*$!
{
	archiveVersion = 1;
	classes = {
	};
	objectVersion = 48;
	objects = {

/* Begin PBXBuildFile section */
		0480E93A1FEA028400FCF2D7 /* AppDelegate.swift in Sources */ = {isa = PBXBuildFile; fileRef = 0480E9391FEA028400FCF2D7 /* AppDelegate.swift */; };
		0480E93C1FEA028400FCF2D7 /* ViewController.swift in Sources */ = {isa = PBXBuildFile; fileRef = 0480E93B1FEA028400FCF2D7 /* ViewController.swift */; };
		0480E93F1FEA028400FCF2D7 /* Main.storyboard in Resources */ = {isa = PBXBuildFile; fileRef = 0480E93D1FEA028400FCF2D7 /* Main.storyboard */; };
		0480E9411FEA028400FCF2D7 /* Assets.xcassets in Resources */ = {isa = PBXBuildFile; fileRef = 0480E9401FEA028400FCF2D7 /* Assets.xcassets */; };
		0480E9441FEA028400FCF2D7 /* LaunchScreen.storyboard in Resources */ = {isa = PBXBuildFile; fileRef = 0480E9421FEA028400FCF2D7 /* LaunchScreen.storyboard */; };
		E1A4A80F05603853A07327ED /* Pods_UIKitExtSwiftDemo.framework in Frameworks */ = {isa = PBXBuildFile; fileRef = A3C85D41C0BB9736E5EFA23F /* Pods_UIKitExtSwiftDemo.framework */; };
/* End PBXBuildFile section */

/* Begin PBXFileReference section */
		0480E9361FEA028400FCF2D7 /* UIKitExtSwiftDemo.app */ = {isa = PBXFileReference; explicitFileType = wrapper.application; includeInIndex = 0; path = UIKitExtSwiftDemo.app; sourceTree = BUILT_PRODUCTS_DIR; };
		0480E9391FEA028400FCF2D7 /* AppDelegate.swift */ = {isa = PBXFileReference; lastKnownFileType = sourcecode.swift; path = AppDelegate.swift; sourceTree = "<group>"; };
		0480E93B1FEA028400FCF2D7 /* ViewController.swift */ = {isa = PBXFileReference; lastKnownFileType = sourcecode.swift; path = ViewController.swift; sourceTree = "<group>"; };
		0480E93E1FEA028400FCF2D7 /* Base */ = {isa = PBXFileReference; lastKnownFileType = file.storyboard; name = Base; path = Base.lproj/Main.storyboard; sourceTree = "<group>"; };
		0480E9401FEA028400FCF2D7 /* Assets.xcassets */ = {isa = PBXFileReference; lastKnownFileType = folder.assetcatalog; path = Assets.xcassets; sourceTree = "<group>"; };
		0480E9431FEA028400FCF2D7 /* Base */ = {isa = PBXFileReference; lastKnownFileType = file.storyboard; name = Base; path = Base.lproj/LaunchScreen.storyboard; sourceTree = "<group>"; };
		0480E9451FEA028400FCF2D7 /* Info.plist */ = {isa = PBXFileReference; lastKnownFileType = text.plist.xml; path = Info.plist; sourceTree = "<group>"; };
		6BD811965659130ABC8283FB /* Pods-UIKitExtSwiftDemo.debug.xcconfig */ = {isa = PBXFileReference; includeInIndex = 1; lastKnownFileType = text.xcconfig; name = "Pods-UIKitExtSwiftDemo.debug.xcconfig"; path = "Pods/Target Support Files/Pods-UIKitExtSwiftDemo/Pods-UIKitExtSwiftDemo.debug.xcconfig"; sourceTree = "<group>"; };
		A3C85D41C0BB9736E5EFA23F /* Pods_UIKitExtSwiftDemo.framework */ = {isa = PBXFileReference; explicitFileType = wrapper.framework; includeInIndex = 0; path = Pods_UIKitExtSwiftDemo.framework; sourceTree = BUILT_PRODUCTS_DIR; };
		B511CA39F615B27A40E37AAB /* Pods-UIKitExtSwiftDemo.release.xcconfig */ = {isa = PBXFileReference; includeInIndex = 1; lastKnownFileType = text.xcconfig; name = "Pods-UIKitExtSwiftDemo.release.xcconfig"; path = "Pods/Target Support Files/Pods-UIKitExtSwiftDemo/Pods-UIKitExtSwiftDemo.release.xcconfig"; sourceTree = "<group>"; };
/* End PBXFileReference section */

/* Begin PBXFrameworksBuildPhase section */
		0480E9331FEA028400FCF2D7 /* Frameworks */ = {
			isa = PBXFrameworksBuildPhase;
			buildActionMask = 2147483647;
			files = (
				E1A4A80F05603853A07327ED /* Pods_UIKitExtSwiftDemo.framework in Frameworks */,
			);
			runOnlyForDeploymentPostprocessing = 0;
		};
/* End PBXFrameworksBuildPhase section */

/* Begin PBXGroup section */
		0480E92D1FEA028400FCF2D7 = {
			isa = PBXGroup;
			children = (
				0480E9381FEA028400FCF2D7 /* UIKitExtSwiftDemo */,
				0480E9371FEA028400FCF2D7 /* Products */,
				D4F744E0726FF3E429B60314 /* Pods */,
				49680C1A104723C12754897D /* Frameworks */,
			);
			sourceTree = "<group>";
		};
		0480E9371FEA028400FCF2D7 /* Products */ = {
			isa = PBXGroup;
			children = (
				0480E9361FEA028400FCF2D7 /* UIKitExtSwiftDemo.app */,
			);
			name = Products;
			sourceTree = "<group>";
		};
		0480E9381FEA028400FCF2D7 /* UIKitExtSwiftDemo */ = {
			isa = PBXGroup;
			children = (
				0480E9391FEA028400FCF2D7 /* AppDelegate.swift */,
				0480E93B1FEA028400FCF2D7 /* ViewController.swift */,
				0480E93D1FEA028400FCF2D7 /* Main.storyboard */,
				0480E9401FEA028400FCF2D7 /* Assets.xcassets */,
				0480E9421FEA028400FCF2D7 /* LaunchScreen.storyboard */,
				0480E9451FEA028400FCF2D7 /* Info.plist */,
			);
			path = UIKitExtSwiftDemo;
			sourceTree = "<group>";
		};
		49680C1A104723C12754897D /* Frameworks */ = {
			isa = PBXGroup;
			children = (
				A3C85D41C0BB9736E5EFA23F /* Pods_UIKitExtSwiftDemo.framework */,
			);
			name = Frameworks;
			sourceTree = "<group>";
		};
		D4F744E0726FF3E429B60314 /* Pods */ = {
			isa = PBXGroup;
			children = (
				6BD811965659130ABC8283FB /* Pods-UIKitExtSwiftDemo.debug.xcconfig */,
				B511CA39F615B27A40E37AAB /* Pods-UIKitExtSwiftDemo.release.xcconfig */,
			);
			name = Pods;
			sourceTree = "<group>";
		};
/* End PBXGroup section */

/* Begin PBXNativeTarget section */
		0480E9351FEA028400FCF2D7 /* UIKitExtSwiftDemo */ = {
			isa = PBXNativeTarget;
			buildConfigurationList = 0480E9481FEA028400FCF2D7 /* Build configuration list for PBXNativeTarget "UIKitExtSwiftDemo" */;
			buildPhases = (
				741182C98F6E0163DFD2BAAE /* [CP] Check Pods Manifest.lock */,
				0480E9321FEA028400FCF2D7 /* Sources */,
				0480E9331FEA028400FCF2D7 /* Frameworks */,
				0480E9341FEA028400FCF2D7 /* Resources */,
				156C93773DD5CEB7D698E2EA /* [CP] Embed Pods Frameworks */,
				9C88DFDB54346EEB7859E6FB /* [CP] Copy Pods Resources */,
			);
			buildRules = (
			);
			dependencies = (
			);
			name = UIKitExtSwiftDemo;
			productName = UIKitExtSwiftDemo;
			productReference = 0480E9361FEA028400FCF2D7 /* UIKitExtSwiftDemo.app */;
			productType = "com.apple.product-type.application";
		};
/* End PBXNativeTarget section */

/* Begin PBXProject section */
		0480E92E1FEA028400FCF2D7 /* Project object */ = {
			isa = PBXProject;
			attributes = {
				LastSwiftUpdateCheck = 0900;
				LastUpgradeCheck = 0900;
				ORGANIZATIONNAME = "程维";
				TargetAttributes = {
					0480E9351FEA028400FCF2D7 = {
						CreatedOnToolsVersion = 9.0;
						ProvisioningStyle = Automatic;
					};
				};
			};
			buildConfigurationList = 0480E9311FEA028400FCF2D7 /* Build configuration list for PBXProject "UIKitExtSwiftDemo" */;
			compatibilityVersion = "Xcode 8.0";
			developmentRegion = en;
			hasScannedForEncodings = 0;
			knownRegions = (
				en,
				Base,
			);
			mainGroup = 0480E92D1FEA028400FCF2D7;
			productRefGroup = 0480E9371FEA028400FCF2D7 /* Products */;
			projectDirPath = "";
			projectRoot = "";
			targets = (
				0480E9351FEA028400FCF2D7 /* UIKitExtSwiftDemo */,
			);
		};
/* End PBXProject section */

/* Begin PBXResourcesBuildPhase section */
		0480E9341FEA028400FCF2D7 /* Resources */ = {
			isa = PBXResourcesBuildPhase;
			buildActionMask = 2147483647;
			files = (
				0480E9441FEA028400FCF2D7 /* LaunchScreen.storyboard in Resources */,
				0480E9411FEA028400FCF2D7 /* Assets.xcassets in Resources */,
				0480E93F1FEA028400FCF2D7 /* Main.storyboard in Resources */,
			);
			runOnlyForDeploymentPostprocessing = 0;
		};
/* End PBXResourcesBuildPhase section */

/* Begin PBXShellScriptBuildPhase section */
		156C93773DD5CEB7D698E2EA /* [CP] Embed Pods Frameworks */ = {
			isa = PBXShellScriptBuildPhase;
			buildActionMask = 2147483647;
			files = (
			);
			inputPaths = (
				"${SRCROOT}/Pods/Target Support Files/Pods-UIKitExtSwiftDemo/Pods-UIKitExtSwiftDemo-frameworks.sh",
				"${BUILT_PRODUCTS_DIR}/UIKitExtSwift/UIKitExtSwift.framework",
			);
			name = "[CP] Embed Pods Frameworks";
			outputPaths = (
				"${TARGET_BUILD_DIR}/${FRAMEWORKS_FOLDER_PATH}/UIKitExtSwift.framework",
			);
			runOnlyForDeploymentPostprocessing = 0;
			shellPath = /bin/sh;
			shellScript = "\"${SRCROOT}/Pods/Target Support Files/Pods-UIKitExtSwiftDemo/Pods-UIKitExtSwiftDemo-frameworks.sh\"\n";
			showEnvVarsInLog = 0;
		};
		741182C98F6E0163DFD2BAAE /* [CP] Check Pods Manifest.lock */ = {
			isa = PBXShellScriptBuildPhase;
			buildActionMask = 2147483647;
			files = (
			);
			inputPaths = (
				"${PODS_PODFILE_DIR_PATH}/Podfile.lock",
				"${PODS_ROOT}/Manifest.lock",
			);
			name = "[CP] Check Pods Manifest.lock";
			outputPaths = (
				"$(DERIVED_FILE_DIR)/Pods-UIKitExtSwiftDemo-checkManifestLockResult.txt",
			);
			runOnlyForDeploymentPostprocessing = 0;
			shellPath = /bin/sh;
			shellScript = "diff \"${PODS_PODFILE_DIR_PATH}/Podfile.lock\" \"${PODS_ROOT}/Manifest.lock\" > /dev/null\nif [ $? != 0 ] ; then\n    # print error to STDERR\n    echo \"error: The sandbox is not in sync with the Podfile.lock. Run 'pod install' or update your CocoaPods installation.\" >&2\n    exit 1\nfi\n# This output is used by Xcode 'outputs' to avoid re-running this script phase.\necho \"SUCCESS\" > \"${SCRIPT_OUTPUT_FILE_0}\"\n";
			showEnvVarsInLog = 0;
		};
		9C88DFDB54346EEB7859E6FB /* [CP] Copy Pods Resources */ = {
			isa = PBXShellScriptBuildPhase;
			buildActionMask = 2147483647;
			files = (
			);
			inputPaths = (
			);
			name = "[CP] Copy Pods Resources";
			outputPaths = (
			);
			runOnlyForDeploymentPostprocessing = 0;
			shellPath = /bin/sh;
			shellScript = "\"${SRCROOT}/Pods/Target Support Files/Pods-UIKitExtSwiftDemo/Pods-UIKitExtSwiftDemo-resources.sh\"\n";
			showEnvVarsInLog = 0;
		};
/* End PBXShellScriptBuildPhase section */

/* Begin PBXSourcesBuildPhase section */
		0480E9321FEA028400FCF2D7 /* Sources */ = {
			isa = PBXSourcesBuildPhase;
			buildActionMask = 2147483647;
			files = (
				0480E93C1FEA028400FCF2D7 /* ViewController.swift in Sources */,
				0480E93A1FEA028400FCF2D7 /* AppDelegate.swift in Sources */,
			);
			runOnlyForDeploymentPostprocessing = 0;
		};
/* End PBXSourcesBuildPhase section */

/* Begin PBXVariantGroup section */
		0480E93D1FEA028400FCF2D7 /* Main.storyboard */ = {
			isa = PBXVariantGroup;
			children = (
				0480E93E1FEA028400FCF2D7 /* Base */,
			);
			name = Main.storyboard;
			sourceTree = "<group>";
		};
		0480E9421FEA028400FCF2D7 /* LaunchScreen.storyboard */ = {
			isa = PBXVariantGroup;
			children = (
				0480E9431FEA028400FCF2D7 /* Base */,
			);
			name = LaunchScreen.storyboard;
			sourceTree = "<group>";
		};
/* End PBXVariantGroup section */

/* Begin XCBuildConfiguration section */
		0480E9461FEA028400FCF2D7 /* Debug */ = {
			isa = XCBuildConfiguration;
			buildSettings = {
				ALWAYS_SEARCH_USER_PATHS = NO;
				CLANG_ANALYZER_NONNULL = YES;
				CLANG_ANALYZER_NUMBER_OBJECT_CONVERSION = YES_AGGRESSIVE;
				CLANG_CXX_LANGUAGE_STANDARD = "gnu++14";
				CLANG_CXX_LIBRARY = "libc++";
				CLANG_ENABLE_MODULES = YES;
				CLANG_ENABLE_OBJC_ARC = YES;
				CLANG_WARN_BLOCK_CAPTURE_AUTORELEASING = YES;
				CLANG_WARN_BOOL_CONVERSION = YES;
				CLANG_WARN_COMMA = YES;
				CLANG_WARN_CONSTANT_CONVERSION = YES;
				CLANG_WARN_DIRECT_OBJC_ISA_USAGE = YES_ERROR;
				CLANG_WARN_DOCUMENTATION_COMMENTS = YES;
				CLANG_WARN_EMPTY_BODY = YES;
				CLANG_WARN_ENUM_CONVERSION = YES;
				CLANG_WARN_INFINITE_RECURSION = YES;
				CLANG_WARN_INT_CONVERSION = YES;
				CLANG_WARN_NON_LITERAL_NULL_CONVERSION = YES;
				CLANG_WARN_OBJC_LITERAL_CONVERSION = YES;
				CLANG_WARN_OBJC_ROOT_CLASS = YES_ERROR;
				CLANG_WARN_RANGE_LOOP_ANALYSIS = YES;
				CLANG_WARN_STRICT_PROTOTYPES = YES;
				CLANG_WARN_SUSPICIOUS_MOVE = YES;
				CLANG_WARN_UNGUARDED_AVAILABILITY = YES_AGGRESSIVE;
				CLANG_WARN_UNREACHABLE_CODE = YES;
				CLANG_WARN__DUPLICATE_METHOD_MATCH = YES;
				CODE_SIGN_IDENTITY = "iPhone Developer";
				COPY_PHASE_STRIP = NO;
				DEBUG_INFORMATION_FORMAT = dwarf;
				ENABLE_STRICT_OBJC_MSGSEND = YES;
				ENABLE_TESTABILITY = YES;
				GCC_C_LANGUAGE_STANDARD = gnu11;
				GCC_DYNAMIC_NO_PIC = NO;
				GCC_NO_COMMON_BLOCKS = YES;
				GCC_OPTIMIZATION_LEVEL = 0;
				GCC_PREPROCESSOR_DEFINITIONS = (
					"DEBUG=1",
					"$(inherited)",
				);
				GCC_WARN_64_TO_32_BIT_CONVERSION = YES;
				GCC_WARN_ABOUT_RETURN_TYPE = YES_ERROR;
				GCC_WARN_UNDECLARED_SELECTOR = YES;
				GCC_WARN_UNINITIALIZED_AUTOS = YES_AGGRESSIVE;
				GCC_WARN_UNUSED_FUNCTION = YES;
				GCC_WARN_UNUSED_VARIABLE = YES;
				IPHONEOS_DEPLOYMENT_TARGET = 11.0;
				MTL_ENABLE_DEBUG_INFO = YES;
				ONLY_ACTIVE_ARCH = YES;
				SDKROOT = iphoneos;
				SWIFT_ACTIVE_COMPILATION_CONDITIONS = DEBUG;
				SWIFT_OPTIMIZATION_LEVEL = "-Onone";
			};
			name = Debug;
		};
		0480E9471FEA028400FCF2D7 /* Release */ = {
			isa = XCBuildConfiguration;
			buildSettings = {
				ALWAYS_SEARCH_USER_PATHS = NO;
				CLANG_ANALYZER_NONNULL = YES;
				CLANG_ANALYZER_NUMBER_OBJECT_CONVERSION = YES_AGGRESSIVE;
				CLANG_CXX_LANGUAGE_STANDARD = "gnu++14";
				CLANG_CXX_LIBRARY = "libc++";
				CLANG_ENABLE_MODULES = YES;
				CLANG_ENABLE_OBJC_ARC = YES;
				CLANG_WARN_BLOCK_CAPTURE_AUTORELEASING = YES;
				CLANG_WARN_BOOL_CONVERSION = YES;
				CLANG_WARN_COMMA = YES;
				CLANG_WARN_CONSTANT_CONVERSION = YES;
				CLANG_WARN_DIRECT_OBJC_ISA_USAGE = YES_ERROR;
				CLANG_WARN_DOCUMENTATION_COMMENTS = YES;
				CLANG_WARN_EMPTY_BODY = YES;
				CLANG_WARN_ENUM_CONVERSION = YES;
				CLANG_WARN_INFINITE_RECURSION = YES;
				CLANG_WARN_INT_CONVERSION = YES;
				CLANG_WARN_NON_LITERAL_NULL_CONVERSION = YES;
				CLANG_WARN_OBJC_LITERAL_CONVERSION = YES;
				CLANG_WARN_OBJC_ROOT_CLASS = YES_ERROR;
				CLANG_WARN_RANGE_LOOP_ANALYSIS = YES;
				CLANG_WARN_STRICT_PROTOTYPES = YES;
				CLANG_WARN_SUSPICIOUS_MOVE = YES;
				CLANG_WARN_UNGUARDED_AVAILABILITY = YES_AGGRESSIVE;
				CLANG_WARN_UNREACHABLE_CODE = YES;
				CLANG_WARN__DUPLICATE_METHOD_MATCH = YES;
				CODE_SIGN_IDENTITY = "iPhone Developer";
				COPY_PHASE_STRIP = NO;
				DEBUG_INFORMATION_FORMAT = "dwarf-with-dsym";
				ENABLE_NS_ASSERTIONS = NO;
				ENABLE_STRICT_OBJC_MSGSEND = YES;
				GCC_C_LANGUAGE_STANDARD = gnu11;
				GCC_NO_COMMON_BLOCKS = YES;
				GCC_WARN_64_TO_32_BIT_CONVERSION = YES;
				GCC_WARN_ABOUT_RETURN_TYPE = YES_ERROR;
				GCC_WARN_UNDECLARED_SELECTOR = YES;
				GCC_WARN_UNINITIALIZED_AUTOS = YES_AGGRESSIVE;
				GCC_WARN_UNUSED_FUNCTION = YES;
				GCC_WARN_UNUSED_VARIABLE = YES;
				IPHONEOS_DEPLOYMENT_TARGET = 11.0;
				MTL_ENABLE_DEBUG_INFO = NO;
				SDKROOT = iphoneos;
				SWIFT_OPTIMIZATION_LEVEL = "-Owholemodule";
				VALIDATE_PRODUCT = YES;
			};
			name = Release;
		};
		0480E9491FEA028400FCF2D7 /* Debug */ = {
			isa = XCBuildConfiguration;
			baseConfigurationReference = 6BD811965659130ABC8283FB /* Pods-UIKitExtSwiftDemo.debug.xcconfig */;
			buildSettings = {
				ASSETCATALOG_COMPILER_APPICON_NAME = AppIcon;
				CODE_SIGN_STYLE = Automatic;
				DEVELOPMENT_TEAM = WZZS2UU57R;
				INFOPLIST_FILE = UIKitExtSwiftDemo/Info.plist;
				LD_RUNPATH_SEARCH_PATHS = "$(inherited) @executable_path/Frameworks";
				PRODUCT_BUNDLE_IDENTIFIER = com.zk.UIKitExtSwiftDemo;
				PRODUCT_NAME = "$(TARGET_NAME)";
				SWIFT_VERSION = 4.0;
				TARGETED_DEVICE_FAMILY = "1,2";
			};
			name = Debug;
		};
		0480E94A1FEA028400FCF2D7 /* Release */ = {
			isa = XCBuildConfiguration;
			baseConfigurationReference = B511CA39F615B27A40E37AAB /* Pods-UIKitExtSwiftDemo.release.xcconfig */;
			buildSettings = {
				ASSETCATALOG_COMPILER_APPICON_NAME = AppIcon;
				CODE_SIGN_STYLE = Automatic;
				DEVELOPMENT_TEAM = WZZS2UU57R;
				INFOPLIST_FILE = UIKitExtSwiftDemo/Info.plist;
				LD_RUNPATH_SEARCH_PATHS = "$(inherited) @executable_path/Frameworks";
				PRODUCT_BUNDLE_IDENTIFIER = com.zk.UIKitExtSwiftDemo;
				PRODUCT_NAME = "$(TARGET_NAME)";
				SWIFT_VERSION = 4.0;
				TARGETED_DEVICE_FAMILY = "1,2";
			};
			name = Release;
		};
/* End XCBuildConfiguration section */

/* Begin XCConfigurationList section */
		0480E9311FEA028400FCF2D7 /* Build configuration list for PBXProject "UIKitExtSwiftDemo" */ = {
			isa = XCConfigurationList;
			buildConfigurations = (
				0480E9461FEA028400FCF2D7 /* Debug */,
				0480E9471FEA028400FCF2D7 /* Release */,
			);
			defaultConfigurationIsVisible = 0;
			defaultConfigurationName = Release;
		};
		0480E9481FEA028400FCF2D7 /* Build configuration list for PBXNativeTarget "UIKitExtSwiftDemo" */ = {
			isa = XCConfigurationList;
			buildConfigurations = (
				0480E9491FEA028400FCF2D7 /* Debug */,
				0480E94A1FEA028400FCF2D7 /* Release */,
			);
			defaultConfigurationIsVisible = 0;
			defaultConfigurationName = Release;
		};
/* End XCConfigurationList section */
	};
	rootObject = 0480E92E1FEA028400FCF2D7 /* Project object */;
}
